
Microsoft Visual Studio Solution File, Format Version 12.00
# Visual Studio Version 16
VisualStudioVersion = 16.0.30128.74
MinimumVisualStudioVersion = 10.0.40219.1
Project("{FAE04EC0-301F-11D3-BF4B-00C04F79EFBC}") = "Codility10.2", "Codility10.2\Codility10.2.csproj", "{4CA9E4DC-A61A-4E6A-9E1E-5DD2284DAE94}"
EndProject
Global
	GlobalSection(SolutionConfigurationPlatforms) = preSolution
		Debug|Any CPU = Debug|Any CPU
		Release|Any CPU = Release|Any CPU
	EndGlobalSection
	GlobalSection(ProjectConfigurationPlatforms) = postSolution
		{4CA9E4DC-A61A-4E6A-9E1E-5DD2284DAE94}.Debug|Any CPU.ActiveCfg = Debug|Any CPU
		{4CA9E4DC-A61A-4E6A-9E1E-5DD2284DAE94}.Debug|Any CPU.Build.0 = Debug|Any CPU
		{4CA9E4DC-A61A-4E6A-9E1E-5DD2284DAE94}.Release|Any CPU.ActiveCfg = Release|Any CPU
		{4CA9E4DC-A61A-4E6A-9E1E-5DD2284DAE94}.Release|Any CPU.Build.0 = Release|Any CPU
	EndGlobalSection
	GlobalSection(SolutionProperties) = preSolution
		HideSolutionNode = FALSE
	EndGlobalSection
	GlobalSection(ExtensibilityGlobals) = postSolution
		SolutionGuid = {8E6FA25A-7EE0-418C-BD04-D6D4617F36EE}
	EndGlobalSection
EndGlobal
